
Microsoft Visual Studio Solution File, Format Version 12.00
# Visual Studio 15
VisualStudioVersion = 15.0.27428.2027
MinimumVisualStudioVersion = 10.0.40219.1
Project("{FAE04EC0-301F-11D3-BF4B-00C04F79EFBC}") = "FebriGo", "FebriGo\FebriGo.csproj", "{B8ADCAB3-EEEB-452F-9421-18B9C542BEBF}"
EndProject
Global
	GlobalSection(SolutionConfigurationPlatforms) = preSolution
		Debug|Any CPU = Debug|Any CPU
		Release|Any CPU = Release|Any CPU
	EndGlobalSection
	GlobalSection(ProjectConfigurationPlatforms) = postSolution
		{B8ADCAB3-EEEB-452F-9421-18B9C542BEBF}.Debug|Any CPU.ActiveCfg = Debug|Any CPU
		{B8ADCAB3-EEEB-452F-9421-18B9C542BEBF}.Debug|Any CPU.Build.0 = Debug|Any CPU
		{B8ADCAB3-EEEB-452F-9421-18B9C542BEBF}.Release|Any CPU.ActiveCfg = Release|Any CPU
		{B8ADCAB3-EEEB-452F-9421-18B9C542BEBF}.Release|Any CPU.Build.0 = Release|Any CPU
	EndGlobalSection
	GlobalSection(SolutionProperties) = preSolution
		HideSolutionNode = FALSE
	EndGlobalSection
	GlobalSection(ExtensibilityGlobals) = postSolution
		SolutionGuid = {E3A567E9-7A2E-45D9-AA64-1CDE91EF185A}
	EndGlobalSection
EndGlobal
